
Microsoft Visual Studio Solution File, Format Version 12.00
# Visual Studio 15
VisualStudioVersion = 15.0.28307.329
MinimumVisualStudioVersion = 10.0.40219.1
Project("{FAE04EC0-301F-11D3-BF4B-00C04F79EFBC}") = "NEWTsConsoleApp", "NEWTsConsoleApp\NEWTsConsoleApp.csproj", "{A701248A-4CD4-4AB7-B1D4-B8E7547E7355}"
EndProject
Global
	GlobalSection(SolutionConfigurationPlatforms) = preSolution
		Debug|Any CPU = Debug|Any CPU
		Release|Any CPU = Release|Any CPU
	EndGlobalSection
	GlobalSection(ProjectConfigurationPlatforms) = postSolution
		{A701248A-4CD4-4AB7-B1D4-B8E7547E7355}.Debug|Any CPU.ActiveCfg = Debug|Any CPU
		{A701248A-4CD4-4AB7-B1D4-B8E7547E7355}.Debug|Any CPU.Build.0 = Debug|Any CPU
		{A701248A-4CD4-4AB7-B1D4-B8E7547E7355}.Release|Any CPU.ActiveCfg = Release|Any CPU
		{A701248A-4CD4-4AB7-B1D4-B8E7547E7355}.Release|Any CPU.Build.0 = Release|Any CPU
	EndGlobalSection
	GlobalSection(SolutionProperties) = preSolution
		HideSolutionNode = FALSE
	EndGlobalSection
	GlobalSection(ExtensibilityGlobals) = postSolution
		SolutionGuid = {317F8C81-8866-4835-84DE-A1BA20A7FF25}
	EndGlobalSection
EndGlobal
